
Microsoft Visual Studio Solution File, Format Version 12.00
# Visual Studio Version 17
VisualStudioVersion = 17.3.32825.248
MinimumVisualStudioVersion = 10.0.40219.1
Project("{FAE04EC0-301F-11D3-BF4B-00C04F79EFBC}") = "Kalkulacka", "Kalkulacka\Kalkulacka.csproj", "{77D412A9-E6E9-4060-96F8-E0E115652F1A}"
EndProject
Global
	GlobalSection(SolutionConfigurationPlatforms) = preSolution
		Debug|Any CPU = Debug|Any CPU
		Release|Any CPU = Release|Any CPU
	EndGlobalSection
	GlobalSection(ProjectConfigurationPlatforms) = postSolution
		{77D412A9-E6E9-4060-96F8-E0E115652F1A}.Debug|Any CPU.ActiveCfg = Debug|Any CPU
		{77D412A9-E6E9-4060-96F8-E0E115652F1A}.Debug|Any CPU.Build.0 = Debug|Any CPU
		{77D412A9-E6E9-4060-96F8-E0E115652F1A}.Release|Any CPU.ActiveCfg = Release|Any CPU
		{77D412A9-E6E9-4060-96F8-E0E115652F1A}.Release|Any CPU.Build.0 = Release|Any CPU
	EndGlobalSection
	GlobalSection(SolutionProperties) = preSolution
		HideSolutionNode = FALSE
	EndGlobalSection
	GlobalSection(ExtensibilityGlobals) = postSolution
		SolutionGuid = {B84C44E8-3E4D-4B52-B6BD-910310BFE69A}
	EndGlobalSection
EndGlobal
